
Microsoft Visual Studio Solution File, Format Version 12.00
# Visual Studio 15
VisualStudioVersion = 15.0.28010.2050
MinimumVisualStudioVersion = 10.0.40219.1
Project("{FAE04EC0-301F-11D3-BF4B-00C04F79EFBC}") = "APIRest.Android", "APIRest\APIRest.Android\APIRest.Android.csproj", "{3DDE0F7F-BDF4-4AAC-AA8F-42609D05A4C0}"
EndProject
Project("{FAE04EC0-301F-11D3-BF4B-00C04F79EFBC}") = "APIRest.UWP", "APIRest\APIRest.UWP\APIRest.UWP.csproj", "{6B0B0273-0243-427A-9F87-AD6E9D2B07A6}"
EndProject
Project("{FAE04EC0-301F-11D3-BF4B-00C04F79EFBC}") = "APIRest", "APIRest\APIRest\APIRest.csproj", "{A07CB96B-0F4B-4A12-B929-7ACAD524D891}"
EndProject
Global
	GlobalSection(SolutionConfigurationPlatforms) = preSolution
		Debug|Any CPU = Debug|Any CPU
		Debug|ARM = Debug|ARM
		Debug|x64 = Debug|x64
		Debug|x86 = Debug|x86
		Release|Any CPU = Release|Any CPU
		Release|ARM = Release|ARM
		Release|x64 = Release|x64
		Release|x86 = Release|x86
	EndGlobalSection
	GlobalSection(ProjectConfigurationPlatforms) = postSolution
		{3DDE0F7F-BDF4-4AAC-AA8F-42609D05A4C0}.Debug|Any CPU.ActiveCfg = Debug|Any CPU
		{3DDE0F7F-BDF4-4AAC-AA8F-42609D05A4C0}.Debug|Any CPU.Build.0 = Debug|Any CPU
		{3DDE0F7F-BDF4-4AAC-AA8F-42609D05A4C0}.Debug|Any CPU.Deploy.0 = Debug|Any CPU
		{3DDE0F7F-BDF4-4AAC-AA8F-42609D05A4C0}.Debug|ARM.ActiveCfg = Debug|Any CPU
		{3DDE0F7F-BDF4-4AAC-AA8F-42609D05A4C0}.Debug|ARM.Build.0 = Debug|Any CPU
		{3DDE0F7F-BDF4-4AAC-AA8F-42609D05A4C0}.Debug|ARM.Deploy.0 = Debug|Any CPU
		{3DDE0F7F-BDF4-4AAC-AA8F-42609D05A4C0}.Debug|x64.ActiveCfg = Debug|Any CPU
		{3DDE0F7F-BDF4-4AAC-AA8F-42609D05A4C0}.Debug|x64.Build.0 = Debug|Any CPU
		{3DDE0F7F-BDF4-4AAC-AA8F-42609D05A4C0}.Debug|x64.Deploy.0 = Debug|Any CPU
		{3DDE0F7F-BDF4-4AAC-AA8F-42609D05A4C0}.Debug|x86.ActiveCfg = Debug|Any CPU
		{3DDE0F7F-BDF4-4AAC-AA8F-42609D05A4C0}.Debug|x86.Build.0 = Debug|Any CPU
		{3DDE0F7F-BDF4-4AAC-AA8F-42609D05A4C0}.Debug|x86.Deploy.0 = Debug|Any CPU
		{3DDE0F7F-BDF4-4AAC-AA8F-42609D05A4C0}.Release|Any CPU.ActiveCfg = Release|Any CPU
		{3DDE0F7F-BDF4-4AAC-AA8F-42609D05A4C0}.Release|Any CPU.Build.0 = Release|Any CPU
		{3DDE0F7F-BDF4-4AAC-AA8F-42609D05A4C0}.Release|Any CPU.Deploy.0 = Release|Any CPU
		{3DDE0F7F-BDF4-4AAC-AA8F-42609D05A4C0}.Release|ARM.ActiveCfg = Release|Any CPU
		{3DDE0F7F-BDF4-4AAC-AA8F-42609D05A4C0}.Release|ARM.Build.0 = Release|Any CPU
		{3DDE0F7F-BDF4-4AAC-AA8F-42609D05A4C0}.Release|ARM.Deploy.0 = Release|Any CPU
		{3DDE0F7F-BDF4-4AAC-AA8F-42609D05A4C0}.Release|x64.ActiveCfg = Release|Any CPU
		{3DDE0F7F-BDF4-4AAC-AA8F-42609D05A4C0}.Release|x64.Build.0 = Release|Any CPU
		{3DDE0F7F-BDF4-4AAC-AA8F-42609D05A4C0}.Release|x64.Deploy.0 = Release|Any CPU
		{3DDE0F7F-BDF4-4AAC-AA8F-42609D05A4C0}.Release|x86.ActiveCfg = Release|Any CPU
		{3DDE0F7F-BDF4-4AAC-AA8F-42609D05A4C0}.Release|x86.Build.0 = Release|Any CPU
		{3DDE0F7F-BDF4-4AAC-AA8F-42609D05A4C0}.Release|x86.Deploy.0 = Release|Any CPU
		{6B0B0273-0243-427A-9F87-AD6E9D2B07A6}.Debug|Any CPU.ActiveCfg = Debug|x86
		{6B0B0273-0243-427A-9F87-AD6E9D2B07A6}.Debug|Any CPU.Build.0 = Debug|x86
		{6B0B0273-0243-427A-9F87-AD6E9D2B07A6}.Debug|Any CPU.Deploy.0 = Debug|x86
		{6B0B0273-0243-427A-9F87-AD6E9D2B07A6}.Debug|ARM.ActiveCfg = Debug|ARM
		{6B0B0273-0243-427A-9F87-AD6E9D2B07A6}.Debug|ARM.Build.0 = Debug|ARM
		{6B0B0273-0243-427A-9F87-AD6E9D2B07A6}.Debug|ARM.Deploy.0 = Debug|ARM
		{6B0B0273-0243-427A-9F87-AD6E9D2B07A6}.Debug|x64.ActiveCfg = Debug|x64
		{6B0B0273-0243-427A-9F87-AD6E9D2B07A6}.Debug|x64.Build.0 = Debug|x64
		{6B0B0273-0243-427A-9F87-AD6E9D2B07A6}.Debug|x64.Deploy.0 = Debug|x64
		{6B0B0273-0243-427A-9F87-AD6E9D2B07A6}.Debug|x86.ActiveCfg = Debug|x86
		{6B0B0273-0243-427A-9F87-AD6E9D2B07A6}.Debug|x86.Build.0 = Debug|x86
		{6B0B0273-0243-427A-9F87-AD6E9D2B07A6}.Debug|x86.Deploy.0 = Debug|x86
		{6B0B0273-0243-427A-9F87-AD6E9D2B07A6}.Release|Any CPU.ActiveCfg = Release|x86
		{6B0B0273-0243-427A-9F87-AD6E9D2B07A6}.Release|Any CPU.Build.0 = Release|x86
		{6B0B0273-0243-427A-9F87-AD6E9D2B07A6}.Release|Any CPU.Deploy.0 = Release|x86
		{6B0B0273-0243-427A-9F87-AD6E9D2B07A6}.Release|ARM.ActiveCfg = Release|ARM
		{6B0B0273-0243-427A-9F87-AD6E9D2B07A6}.Release|ARM.Build.0 = Release|ARM
		{6B0B0273-0243-427A-9F87-AD6E9D2B07A6}.Release|ARM.Deploy.0 = Release|ARM
		{6B0B0273-0243-427A-9F87-AD6E9D2B07A6}.Release|x64.ActiveCfg = Release|x64
		{6B0B0273-0243-427A-9F87-AD6E9D2B07A6}.Release|x64.Build.0 = Release|x64
		{6B0B0273-0243-427A-9F87-AD6E9D2B07A6}.Release|x64.Deploy.0 = Release|x64
		{6B0B0273-0243-427A-9F87-AD6E9D2B07A6}.Release|x86.ActiveCfg = Release|x86
		{6B0B0273-0243-427A-9F87-AD6E9D2B07A6}.Release|x86.Build.0 = Release|x86
		{6B0B0273-0243-427A-9F87-AD6E9D2B07A6}.Release|x86.Deploy.0 = Release|x86
		{A07CB96B-0F4B-4A12-B929-7ACAD524D891}.Debug|Any CPU.ActiveCfg = Debug|Any CPU
		{A07CB96B-0F4B-4A12-B929-7ACAD524D891}.Debug|Any CPU.Build.0 = Debug|Any CPU
		{A07CB96B-0F4B-4A12-B929-7ACAD524D891}.Debug|Any CPU.Deploy.0 = Debug|Any CPU
		{A07CB96B-0F4B-4A12-B929-7ACAD524D891}.Debug|ARM.ActiveCfg = Debug|Any CPU
		{A07CB96B-0F4B-4A12-B929-7ACAD524D891}.Debug|ARM.Build.0 = Debug|Any CPU
		{A07CB96B-0F4B-4A12-B929-7ACAD524D891}.Debug|ARM.Deploy.0 = Debug|Any CPU
		{A07CB96B-0F4B-4A12-B929-7ACAD524D891}.Debug|x64.ActiveCfg = Debug|Any CPU
		{A07CB96B-0F4B-4A12-B929-7ACAD524D891}.Debug|x64.Build.0 = Debug|Any CPU
		{A07CB96B-0F4B-4A12-B929-7ACAD524D891}.Debug|x64.Deploy.0 = Debug|Any CPU
		{A07CB96B-0F4B-4A12-B929-7ACAD524D891}.Debug|x86.ActiveCfg = Debug|Any CPU
		{A07CB96B-0F4B-4A12-B929-7ACAD524D891}.Debug|x86.Build.0 = Debug|Any CPU
		{A07CB96B-0F4B-4A12-B929-7ACAD524D891}.Debug|x86.Deploy.0 = Debug|Any CPU
		{A07CB96B-0F4B-4A12-B929-7ACAD524D891}.Release|Any CPU.ActiveCfg = Release|Any CPU
		{A07CB96B-0F4B-4A12-B929-7ACAD524D891}.Release|Any CPU.Build.0 = Release|Any CPU
		{A07CB96B-0F4B-4A12-B929-7ACAD524D891}.Release|Any CPU.Deploy.0 = Release|Any CPU
		{A07CB96B-0F4B-4A12-B929-7ACAD524D891}.Release|ARM.ActiveCfg = Release|Any CPU
		{A07CB96B-0F4B-4A12-B929-7ACAD524D891}.Release|ARM.Build.0 = Release|Any CPU
		{A07CB96B-0F4B-4A12-B929-7ACAD524D891}.Release|ARM.Deploy.0 = Release|Any CPU
		{A07CB96B-0F4B-4A12-B929-7ACAD524D891}.Release|x64.ActiveCfg = Release|Any CPU
		{A07CB96B-0F4B-4A12-B929-7ACAD524D891}.Release|x64.Build.0 = Release|Any CPU
		{A07CB96B-0F4B-4A12-B929-7ACAD524D891}.Release|x64.Deploy.0 = Release|Any CPU
		{A07CB96B-0F4B-4A12-B929-7ACAD524D891}.Release|x86.ActiveCfg = Release|Any CPU
		{A07CB96B-0F4B-4A12-B929-7ACAD524D891}.Release|x86.Build.0 = Release|Any CPU
		{A07CB96B-0F4B-4A12-B929-7ACAD524D891}.Release|x86.Deploy.0 = Release|Any CPU
	EndGlobalSection
	GlobalSection(SolutionProperties) = preSolution
		HideSolutionNode = FALSE
	EndGlobalSection
	GlobalSection(ExtensibilityGlobals) = postSolution
		SolutionGuid = {1E4480B3-AC04-45A6-8DF0-8B25F407C455}
	EndGlobalSection
EndGlobal
